
Microsoft Visual Studio Solution File, Format Version 12.00
# Visual Studio 2012
Project("{FAE04EC0-301F-11D3-BF4B-00C04F79EFBC}") = "FareyTDD", "FareyTDD\FareyTDD.csproj", "{75D49350-DC55-4D5C-97EC-E61FDDDBD18F}"
EndProject
Project("{FAE04EC0-301F-11D3-BF4B-00C04F79EFBC}") = "UnitTests", "UnitTestProject1\UnitTests.csproj", "{635F9CAC-A18C-440A-9598-ACF69EE72653}"
EndProject
Global
	GlobalSection(SolutionConfigurationPlatforms) = preSolution
		Debug|Any CPU = Debug|Any CPU
		Release|Any CPU = Release|Any CPU
	EndGlobalSection
	GlobalSection(ProjectConfigurationPlatforms) = postSolution
		{75D49350-DC55-4D5C-97EC-E61FDDDBD18F}.Debug|Any CPU.ActiveCfg = Debug|Any CPU
		{75D49350-DC55-4D5C-97EC-E61FDDDBD18F}.Debug|Any CPU.Build.0 = Debug|Any CPU
		{75D49350-DC55-4D5C-97EC-E61FDDDBD18F}.Release|Any CPU.ActiveCfg = Release|Any CPU
		{75D49350-DC55-4D5C-97EC-E61FDDDBD18F}.Release|Any CPU.Build.0 = Release|Any CPU
		{635F9CAC-A18C-440A-9598-ACF69EE72653}.Debug|Any CPU.ActiveCfg = Debug|Any CPU
		{635F9CAC-A18C-440A-9598-ACF69EE72653}.Debug|Any CPU.Build.0 = Debug|Any CPU
		{635F9CAC-A18C-440A-9598-ACF69EE72653}.Release|Any CPU.ActiveCfg = Release|Any CPU
		{635F9CAC-A18C-440A-9598-ACF69EE72653}.Release|Any CPU.Build.0 = Release|Any CPU
	EndGlobalSection
	GlobalSection(SolutionProperties) = preSolution
		HideSolutionNode = FALSE
	EndGlobalSection
EndGlobal
